
Microsoft Visual Studio Solution File, Format Version 12.00
# Visual Studio 2012
Project("{FAE04EC0-301F-11D3-BF4B-00C04F79EFBC}") = "SGM", "SGM.csproj", "{C2F57507-8F95-493E-BAE9-B6F6C35A74E9}"
EndProject
Global
	GlobalSection(SolutionConfigurationPlatforms) = preSolution
		Debug|x86 = Debug|x86
		Release|x86 = Release|x86
	EndGlobalSection
	GlobalSection(ProjectConfigurationPlatforms) = postSolution
		{C2F57507-8F95-493E-BAE9-B6F6C35A74E9}.Debug|x86.ActiveCfg = Debug|x86
		{C2F57507-8F95-493E-BAE9-B6F6C35A74E9}.Debug|x86.Build.0 = Debug|x86
		{C2F57507-8F95-493E-BAE9-B6F6C35A74E9}.Release|x86.ActiveCfg = Release|x86
		{C2F57507-8F95-493E-BAE9-B6F6C35A74E9}.Release|x86.Build.0 = Release|x86
	EndGlobalSection
EndGlobal
